lockfileVersion: '6.0'

dependencies:
  '@w5/redis':
    specifier: ^0.0.15
    version: 0.0.15
  '@w5/redis_lua':
    specifier: ^0.0.10
    version: 0.0.10

packages:

  /@w5/dot@0.0.2:
    resolution: {integrity: sha512-F6Ihmj2XeJ7pvYDGlWj5lK+BTbqB8HXlLz7IkF/EAUe5vtQmD9HGCGy7MP8FFwER7h8aXilpd0kN9/2zGlh0JQ==}
    dev: false

  /@w5/onexit@0.0.5:
    resolution: {integrity: sha512-e/VowRVgrOMGbd//T4VQ7Vi6riicePsM0GOj/eh1MxMX6Ikv7lVCynQmsERrrEiRLyeWkN3ZI+T3/pS68At5rg==}
    dev: false

  /@w5/redis@0.0.15:
    resolution: {integrity: sha512-XPB5+UEL0A4VutYvO5kHkov2EDD2x26h7hS2Yp+hDM7pzGsTuJZdDThbi/7r78RL1/dNJ6p49U/YzdN3l0RfMQ==}
    dependencies:
      '@w5/onexit': 0.0.5
      '@w5/xedis': 0.0.21
    dev: false

  /@w5/redis_lua@0.0.10:
    resolution: {integrity: sha512-k4i5A16/VdlFY+DXP6mmmMSHzVARTS+hFJLlA2mFxiPiOcunHkvYJN1zqTDGSwfPhjCP7389g1AZ1TExF0thrA==}
    dependencies:
      '@w5/dot': 0.0.2
      '@w5/u8': 0.0.1
      '@w5/utf8': 0.0.3
    dev: false

  /@w5/u8@0.0.1:
    resolution: {integrity: sha512-1IJecPZlVeTYViGTZF+ZAd+v3S6MGB9LGGC0GHH96tdp36s5EkpZi3d02VzUt7l3okCFyH93QM5U9+GI5ToQhA==}
    dev: false

  /@w5/utf8@0.0.3:
    resolution: {integrity: sha512-FYkLRJ++nxAVLAzsD953X/Yc7ln7QQeUD2UsbbmtEUDYQYK2kvA7vqqKgwjuMQFUqwJdYdcHx7qtP7IgMUdHsw==}
    dev: false

  /@w5/xedis-android-arm-eabi@0.0.21:
    resolution: {integrity: sha512-246kziGo4+BbnHHurjzKPXJbZeQQV+eU/MPRu+5rWb9JFWOF9BsTE53tG8gd7Ke0TTREBJeb0NhjMcMJF0HuVQ==}
    engines: {node: '>= 10'}
    cpu: [arm]
    os: [android]
    requiresBuild: true
    dev: false
    optional: true

  /@w5/xedis-android-arm64@0.0.21:
    resolution: {integrity: sha512-f1m7bChn/tQuD4F/af6cUTQBDVjIHKO/11fe7Xs/IJS6Hs3JdXi2uBu3xiR3oRhAjKWz6noFWXeZwst7K2WVIA==}
    engines: {node: '>= 10'}
    cpu: [arm64]
    os: [android]
    requiresBuild: true
    dev: false
    optional: true

  /@w5/xedis-darwin-arm64@0.0.21:
    resolution: {integrity: sha512-SAAiHrOqHgs9aBGtemQKnkzE7jjLfUp5rtf/10z07ALGMad3r/tfgO9+pH8rbi7N30s++3+gOzJDiC/HCs5RwQ==}
    engines: {node: '>= 10'}
    cpu: [arm64]
    os: [darwin]
    requiresBuild: true
    dev: false
    optional: true

  /@w5/xedis-darwin-universal@0.0.21:
    resolution: {integrity: sha512-dgOqL4kJufYnVqQEWosOuNU3b0J3ZWLo58aas6ysNBzpaXUJh+0kaOBVLsGcj2dQmmJA7q3Jcx51l7etwQIwNA==}
    engines: {node: '>= 10'}
    os: [darwin]
    requiresBuild: true
    dev: false
    optional: true

  /@w5/xedis-darwin-x64@0.0.21:
    resolution: {integrity: sha512-l8OVmTK2uPvU9xMfNcJ0Uc+fbgmJ2A8WSwpjzJoZhTonC2JTbNR78rxfIbsEticgKNXv54USWneGqgGZgWO5FA==}
    engines: {node: '>= 10'}
    cpu: [x64]
    os: [darwin]
    requiresBuild: true
    dev: false
    optional: true

  /@w5/xedis-linux-arm-gnueabihf@0.0.21:
    resolution: {integrity: sha512-jMpkrO7PWcosHlwm28bq3gSk2sphzagsAWpAuYw7urF9XMja0K07Ywg0Okj0QdlE04fWvGmOETPWekMnI3k4ZQ==}
    engines: {node: '>= 10'}
    cpu: [arm]
    os: [linux]
    requiresBuild: true
    dev: false
    optional: true

  /@w5/xedis-linux-arm64-gnu@0.0.21:
    resolution: {integrity: sha512-q5yuU7DniJeVsw64cffqpKJbntgtt0anw4j893SwPYz7D9SXANQTRqk1jbq32fClAj5GBsLyOHhGU8GxbkG06g==}
    engines: {node: '>= 10'}
    cpu: [arm64]
    os: [linux]
    requiresBuild: true
    dev: false
    optional: true

  /@w5/xedis-linux-arm64-musl@0.0.21:
    resolution: {integrity: sha512-YPbqb5I3aRMj+Nhjo0rG6UMKy5zlcgzLG1CN4yzhbrWI4yVCotC0t7PF+cluU6/IckEPQyQqvRyDDlxPipypVg==}
    engines: {node: '>= 10'}
    cpu: [arm64]
    os: [linux]
    requiresBuild: true
    dev: false
    optional: true

  /@w5/xedis-linux-x64-gnu@0.0.21:
    resolution: {integrity: sha512-PsO/KEjmq9jlM4uvel7o/sBEQtyNvIkv0Hj6s1bJONAj3xOlRIr0x7eiDs0JVU7M13NTHczYXCGrFNSZfRiM+A==}
    engines: {node: '>= 10'}
    cpu: [x64]
    os: [linux]
    requiresBuild: true
    dev: false
    optional: true

  /@w5/xedis-linux-x64-musl@0.0.21:
    resolution: {integrity: sha512-p9Ufh4x6MO37ynvYQcvGYZ8IOyieTd6+oxrD8tFvb+fjEq4g+vnxyykeerf9Ul7+MkVxGpjkGw9QHQAOKjVUgg==}
    engines: {node: '>= 10'}
    cpu: [x64]
    os: [linux]
    requiresBuild: true
    dev: false
    optional: true

  /@w5/xedis-win32-x64-msvc@0.0.21:
    resolution: {integrity: sha512-Wt4bjNeExzsSsoa5WsNs8fAaieVlbpNdd+7Km1B5uzPfAn6tjKDITpccWecRykJBQmFJb5hz+8PZ+clhFM+n7g==}
    engines: {node: '>= 10'}
    cpu: [x64]
    os: [win32]
    requiresBuild: true
    dev: false
    optional: true

  /@w5/xedis@0.0.21:
    resolution: {integrity: sha512-f3Hj0sWx/W0lvS0UsfZcvpwVB2bbLIEmPtcGTbJVIan2DL4J3RAJHLECzFrq7VuH+dKXpG7g2Ld8tEudB/LWAQ==}
    engines: {node: '>= 20'}
    optionalDependencies:
      '@w5/xedis-android-arm-eabi': 0.0.21
      '@w5/xedis-android-arm64': 0.0.21
      '@w5/xedis-darwin-arm64': 0.0.21
      '@w5/xedis-darwin-universal': 0.0.21
      '@w5/xedis-darwin-x64': 0.0.21
      '@w5/xedis-linux-arm-gnueabihf': 0.0.21
      '@w5/xedis-linux-arm64-gnu': 0.0.21
      '@w5/xedis-linux-arm64-musl': 0.0.21
      '@w5/xedis-linux-x64-gnu': 0.0.21
      '@w5/xedis-linux-x64-musl': 0.0.21
      '@w5/xedis-win32-x64-msvc': 0.0.21
    dev: false
