lockfileVersion: '6.0'

dependencies:
  '@w5/redis':
    specifier: ^0.0.3
    version: 0.0.3
  '@w5/redis_lua':
    specifier: ^0.0.9
    version: 0.0.9

packages:

  /@w5/dot@0.0.2:
    resolution: {integrity: sha512-F6Ihmj2XeJ7pvYDGlWj5lK+BTbqB8HXlLz7IkF/EAUe5vtQmD9HGCGy7MP8FFwER7h8aXilpd0kN9/2zGlh0JQ==}
    dev: false

  /@w5/onexit@0.0.4:
    resolution: {integrity: sha512-uXEvVXgEStwO7JtJOJE4rUAcLn7Uf3gUCAcCvls0koPQKXALq40ptJTcNeEmUlya4wNj2OUmbA1zVxMtdWj5yA==}
    dev: false

  /@w5/redis@0.0.3:
    resolution: {integrity: sha512-ymgLHA17L1Szmx8/rBNwk/EaAixUxJKuoMSgguT3maVUdTdDzxoA0ZEWKiBc1QG2adcCzyHirJBH5+D0iyjWLA==}
    dependencies:
      '@w5/onexit': 0.0.4
      '@w5/xedis': 0.0.12
    dev: false

  /@w5/redis_lua@0.0.9:
    resolution: {integrity: sha512-8JnwlM1UxX85bKsgQmklcEvQRF0pAM5PGwBi7EZ9qFcMW4FsmwTPrcOqv7qgtJZz0S9G1IZNRmtZ7S0uV6EB6Q==}
    dependencies:
      '@w5/dot': 0.0.2
      '@w5/u8': 0.0.1
      '@w5/utf8': 0.0.3
    dev: false

  /@w5/u8@0.0.1:
    resolution: {integrity: sha512-1IJecPZlVeTYViGTZF+ZAd+v3S6MGB9LGGC0GHH96tdp36s5EkpZi3d02VzUt7l3okCFyH93QM5U9+GI5ToQhA==}
    dev: false

  /@w5/utf8@0.0.3:
    resolution: {integrity: sha512-FYkLRJ++nxAVLAzsD953X/Yc7ln7QQeUD2UsbbmtEUDYQYK2kvA7vqqKgwjuMQFUqwJdYdcHx7qtP7IgMUdHsw==}
    dev: false

  /@w5/xedis-android-arm-eabi@0.0.12:
    resolution: {integrity: sha512-LBQqLhEPBP2p9naYKuhvZB3uEWu4/Q76+YyVXSxyauDEFJnPmzZRvNsM9PvJKS4XCxRA8DnjiM0llNKazIuAjw==}
    engines: {node: '>= 10'}
    cpu: [arm]
    os: [android]
    requiresBuild: true
    dev: false
    optional: true

  /@w5/xedis-android-arm64@0.0.12:
    resolution: {integrity: sha512-XP4EB569tWJIzVaPNmv6/A5Ewl6YqmWLsg97l2xRYUaBD+nstfAi4PmPQfTQoSp1kPlddfPrl6F1n8SfN8DfGA==}
    engines: {node: '>= 10'}
    cpu: [arm64]
    os: [android]
    requiresBuild: true
    dev: false
    optional: true

  /@w5/xedis-darwin-arm64@0.0.12:
    resolution: {integrity: sha512-9sZDG6P79oSiaMVzjFNJnrZ0X+uBglCjDSsb/3rfkLcJU7AX9fUBDh0RTHyOVfCzacDXEQXwN48WwN1g67wrMA==}
    engines: {node: '>= 10'}
    cpu: [arm64]
    os: [darwin]
    requiresBuild: true
    dev: false
    optional: true

  /@w5/xedis-darwin-universal@0.0.12:
    resolution: {integrity: sha512-J07/i0f/3buFbDp0+I+l250XLB+smwWgZ4OIe7l2d10rE2zb8HBWHCydyu+loQ8jj5n6QkLOfo/eCR3UBGpX+Q==}
    engines: {node: '>= 10'}
    os: [darwin]
    requiresBuild: true
    dev: false
    optional: true

  /@w5/xedis-darwin-x64@0.0.12:
    resolution: {integrity: sha512-J7yu92MeL9eN7Nisy2ega0aewm0OPMjQ6kyMyRkuuc7/8yyoh2YuGYPxX4g46Wvidn/5Edo14tnbLywucHZKPQ==}
    engines: {node: '>= 10'}
    cpu: [x64]
    os: [darwin]
    requiresBuild: true
    dev: false
    optional: true

  /@w5/xedis-linux-arm-gnueabihf@0.0.12:
    resolution: {integrity: sha512-EvyjgnBr7nnhCmBR+9ivoKmOJD0mu6XvOHZDx3XllmGDrcwDerBHERGtQJmvoYubeZ+5ttWWmHLD8pmgOhbcxg==}
    engines: {node: '>= 10'}
    cpu: [arm]
    os: [linux]
    requiresBuild: true
    dev: false
    optional: true

  /@w5/xedis-linux-arm64-gnu@0.0.12:
    resolution: {integrity: sha512-CWxuJQmjTL14PayLtF+X/oNL/DTOFG2nDiG00I/FMUcTjz0cQ9DRZcrZD3ZFVw3VdPwv32VYVDd+99IcDQYvsg==}
    engines: {node: '>= 10'}
    cpu: [arm64]
    os: [linux]
    requiresBuild: true
    dev: false
    optional: true

  /@w5/xedis-linux-arm64-musl@0.0.12:
    resolution: {integrity: sha512-WJ2g6B/g7eABF0q/DsGvUPwUI5fhVwcJp4yZC892SvmapQ1fONKfc6HU6x2GZdtlXpYKF90+ML/1ldKvbYnwVg==}
    engines: {node: '>= 10'}
    cpu: [arm64]
    os: [linux]
    requiresBuild: true
    dev: false
    optional: true

  /@w5/xedis-linux-x64-gnu@0.0.12:
    resolution: {integrity: sha512-PX1RpJEBP18ID344w7zeakHHG6M9WOn298XAQpFghlZIrEfxaT+XYfPooXeT6miC1BIhpe98G/SWavYuLgg61Q==}
    engines: {node: '>= 10'}
    cpu: [x64]
    os: [linux]
    requiresBuild: true
    dev: false
    optional: true

  /@w5/xedis-linux-x64-musl@0.0.12:
    resolution: {integrity: sha512-CDL8BJs8B5KxHtlVD3CQKQ5V0dIhx5P/RNWqaWQmQztmPD4lRuFk9mPGvesPMyldRD0LY7lQE7RtiRj52bgMNQ==}
    engines: {node: '>= 10'}
    cpu: [x64]
    os: [linux]
    requiresBuild: true
    dev: false
    optional: true

  /@w5/xedis-win32-x64-msvc@0.0.12:
    resolution: {integrity: sha512-e9mNyVmv5zQjWC/QoQPRbJ5g4aGmZy/kuPS7DbmoWZOGkYyxTx7TsCS7lX/3L85NleuubBhlAkjZNYvYdwnnnA==}
    engines: {node: '>= 10'}
    cpu: [x64]
    os: [win32]
    requiresBuild: true
    dev: false
    optional: true

  /@w5/xedis@0.0.12:
    resolution: {integrity: sha512-VT0XYK0gbjBeqRLyqYl5Z0ZOtjyOhDCG5dkkliKsiGodlm8++58C5bK5caXVNKvCHzJi8qfIcvT4QAgAG49Amw==}
    engines: {node: '>= 20'}
    optionalDependencies:
      '@w5/xedis-android-arm-eabi': 0.0.12
      '@w5/xedis-android-arm64': 0.0.12
      '@w5/xedis-darwin-arm64': 0.0.12
      '@w5/xedis-darwin-universal': 0.0.12
      '@w5/xedis-darwin-x64': 0.0.12
      '@w5/xedis-linux-arm-gnueabihf': 0.0.12
      '@w5/xedis-linux-arm64-gnu': 0.0.12
      '@w5/xedis-linux-arm64-musl': 0.0.12
      '@w5/xedis-linux-x64-gnu': 0.0.12
      '@w5/xedis-linux-x64-musl': 0.0.12
      '@w5/xedis-win32-x64-msvc': 0.0.12
    dev: false
